
Microsoft Visual Studio Solution File, Format Version 12.00
# Visual Studio Version 17
VisualStudioVersion = 17.14.36408.4 d17.14
MinimumVisualStudioVersion = 10.0.40219.1
Project("{FAE04EC0-301F-11D3-BF4B-00C04F79EFBC}") = "SampleRules", "SampleRules\SampleRules.csproj", "{13C7646B-A4B1-4EA0-8579-5236179C2277}"
EndProject
Global
	GlobalSection(SolutionConfigurationPlatforms) = preSolution
		Debug|Any CPU = Debug|Any CPU
		Release|Any CPU = Release|Any CPU
	EndGlobalSection
	GlobalSection(ProjectConfigurationPlatforms) = postSolution
		{13C7646B-A4B1-4EA0-8579-5236179C2277}.Debug|Any CPU.ActiveCfg = Debug|Any CPU
		{13C7646B-A4B1-4EA0-8579-5236179C2277}.Debug|Any CPU.Build.0 = Debug|Any CPU
		{13C7646B-A4B1-4EA0-8579-5236179C2277}.Release|Any CPU.ActiveCfg = Release|Any CPU
		{13C7646B-A4B1-4EA0-8579-5236179C2277}.Release|Any CPU.Build.0 = Release|Any CPU
	EndGlobalSection
	GlobalSection(SolutionProperties) = preSolution
		HideSolutionNode = FALSE
	EndGlobalSection
	GlobalSection(ExtensibilityGlobals) = postSolution
		SolutionGuid = {E7DE8880-3853-4A2B-A262-F1FD0C9CD9F9}
	EndGlobalSection
EndGlobal
